// !$*UTF8*$!
{
	archiveVersion = 1;
	classes = {
	};
	objectVersion = 56;
	objects = {

/* Begin PBXBuildFile section */
		673957362C1DAF390013F97D /* CreateBlockoutViewModel.swift in Sources */ = {isa = PBXBuildFile; fileRef = 6739572C2C1DAF390013F97D /* CreateBlockoutViewModel.swift */; };
		673957372C1DAF390013F97D /* AddBlockButton.swift in Sources */ = {isa = PBXBuildFile; fileRef = 6739572E2C1DAF390013F97D /* AddBlockButton.swift */; };
		6739573A2C1DAF390013F97D /* BlockEditCard.swift in Sources */ = {isa = PBXBuildFile; fileRef = 673957312C1DAF390013F97D /* BlockEditCard.swift */; };
		6739573C2C1DAF390013F97D /* TextToChipView.swift in Sources */ = {isa = PBXBuildFile; fileRef = 673957332C1DAF390013F97D /* TextToChipView.swift */; };
		6739573E2C1DAF390013F97D /* CreateBlockoutView.swift in Sources */ = {isa = PBXBuildFile; fileRef = 673957352C1DAF390013F97D /* CreateBlockoutView.swift */; };
		673957412C1DB0D70013F97D /* SwiftUISnackbar in Frameworks */ = {isa = PBXBuildFile; productRef = 673957402C1DB0D70013F97D /* SwiftUISnackbar */; };
		673BDCF92C0872EC0097B038 /* nobullshitApp.swift in Sources */ = {isa = PBXBuildFile; fileRef = 673BDCF82C0872EC0097B038 /* nobullshitApp.swift */; };
		673BDCFB2C0872EC0097B038 /* ContentView.swift in Sources */ = {isa = PBXBuildFile; fileRef = 673BDCFA2C0872EC0097B038 /* ContentView.swift */; };
		673BDCFD2C0872F00097B038 /* Assets.xcassets in Resources */ = {isa = PBXBuildFile; fileRef = 673BDCFC2C0872F00097B038 /* Assets.xcassets */; };
		673BDD002C0872F00097B038 /* Preview Assets.xcassets in Resources */ = {isa = PBXBuildFile; fileRef = 673BDCFF2C0872F00097B038 /* Preview Assets.xcassets */; };
		673BDD192C0873B20097B038 /* HomeViewModel.swift in Sources */ = {isa = PBXBuildFile; fileRef = 673BDD0A2C0873B20097B038 /* HomeViewModel.swift */; };
		673BDD1A2C0873B20097B038 /* HomeView.swift in Sources */ = {isa = PBXBuildFile; fileRef = 673BDD0B2C0873B20097B038 /* HomeView.swift */; };
		673BDD1B2C0873B20097B038 /* AuthViewModel.swift in Sources */ = {isa = PBXBuildFile; fileRef = 673BDD0E2C0873B20097B038 /* AuthViewModel.swift */; };
		673BDD1C2C0873B20097B038 /* AuthView.swift in Sources */ = {isa = PBXBuildFile; fileRef = 673BDD0F2C0873B20097B038 /* AuthView.swift */; };
		673BDD1D2C0873B20097B038 /* PreferenceView.swift in Sources */ = {isa = PBXBuildFile; fileRef = 673BDD112C0873B20097B038 /* PreferenceView.swift */; };
		673BDD1E2C0873B20097B038 /* PreferenceViewModel.swift in Sources */ = {isa = PBXBuildFile; fileRef = 673BDD122C0873B20097B038 /* PreferenceViewModel.swift */; };
		673BDD1F2C0873B20097B038 /* UserProfileView.swift in Sources */ = {isa = PBXBuildFile; fileRef = 673BDD142C0873B20097B038 /* UserProfileView.swift */; };
		673BDD202C0873B20097B038 /* UserProfileViewModel.swift in Sources */ = {isa = PBXBuildFile; fileRef = 673BDD152C0873B20097B038 /* UserProfileViewModel.swift */; };
		673BDD212C0873B20097B038 /* OnboardingHelper.swift in Sources */ = {isa = PBXBuildFile; fileRef = 673BDD172C0873B20097B038 /* OnboardingHelper.swift */; };
		673BDD222C0873B20097B038 /* OnboardingView.swift in Sources */ = {isa = PBXBuildFile; fileRef = 673BDD182C0873B20097B038 /* OnboardingView.swift */; };
		673BDD282C0873C00097B038 /* UserProfileService.swift in Sources */ = {isa = PBXBuildFile; fileRef = 673BDD242C0873C00097B038 /* UserProfileService.swift */; };
		673BDD292C0873C00097B038 /* AccountService.swift in Sources */ = {isa = PBXBuildFile; fileRef = 673BDD252C0873C00097B038 /* AccountService.swift */; };
		673BDD2A2C0873C00097B038 /* AuthService.swift in Sources */ = {isa = PBXBuildFile; fileRef = 673BDD262C0873C00097B038 /* AuthService.swift */; };
		673BDD2B2C0873C00097B038 /* PreferenceService.swift in Sources */ = {isa = PBXBuildFile; fileRef = 673BDD272C0873C00097B038 /* PreferenceService.swift */; };
		673BDD312C0873CE0097B038 /* GeneralError.swift in Sources */ = {isa = PBXBuildFile; fileRef = 673BDD2D2C0873CE0097B038 /* GeneralError.swift */; };
		673BDD322C0873CE0097B038 /* UserProfile.swift in Sources */ = {isa = PBXBuildFile; fileRef = 673BDD2E2C0873CE0097B038 /* UserProfile.swift */; };
		673BDD332C0873CE0097B038 /* AccountDefinition.swift in Sources */ = {isa = PBXBuildFile; fileRef = 673BDD2F2C0873CE0097B038 /* AccountDefinition.swift */; };
		673BDD342C0873CE0097B038 /* Preference.swift in Sources */ = {isa = PBXBuildFile; fileRef = 673BDD302C0873CE0097B038 /* Preference.swift */; };
		673BDD372C0873D90097B038 /* ResourcePaths.swift in Sources */ = {isa = PBXBuildFile; fileRef = 673BDD362C0873D90097B038 /* ResourcePaths.swift */; };
		673BDD3A2C0873E40097B038 /* OnboardingInfo.swift in Sources */ = {isa = PBXBuildFile; fileRef = 673BDD392C0873E40097B038 /* OnboardingInfo.swift */; };
		673BDD3C2C08740F0097B038 /* AppState.swift in Sources */ = {isa = PBXBuildFile; fileRef = 673BDD3B2C08740F0097B038 /* AppState.swift */; };
		673BDD3F2C0874CF0097B038 /* FirebaseAnalytics in Frameworks */ = {isa = PBXBuildFile; productRef = 673BDD3E2C0874CF0097B038 /* FirebaseAnalytics */; };
		673BDD412C0874CF0097B038 /* FirebaseAnalyticsOnDeviceConversion in Frameworks */ = {isa = PBXBuildFile; productRef = 673BDD402C0874CF0097B038 /* FirebaseAnalyticsOnDeviceConversion */; };
		673BDD432C0874CF0097B038 /* FirebaseAnalyticsSwift in Frameworks */ = {isa = PBXBuildFile; productRef = 673BDD422C0874CF0097B038 /* FirebaseAnalyticsSwift */; };
		673BDD452C0874CF0097B038 /* FirebaseAnalyticsWithoutAdIdSupport in Frameworks */ = {isa = PBXBuildFile; productRef = 673BDD442C0874CF0097B038 /* FirebaseAnalyticsWithoutAdIdSupport */; };
		673BDD472C0874CF0097B038 /* FirebaseAppCheck in Frameworks */ = {isa = PBXBuildFile; productRef = 673BDD462C0874CF0097B038 /* FirebaseAppCheck */; };
		673BDD4A2C0875100097B038 /* UIOnboarding in Frameworks */ = {isa = PBXBuildFile; productRef = 673BDD492C0875100097B038 /* UIOnboarding */; };
		673BDD4C2C0875790097B038 /* FirebaseAnalytics in Frameworks */ = {isa = PBXBuildFile; productRef = 673BDD4B2C0875790097B038 /* FirebaseAnalytics */; };
		673BDD4E2C0875790097B038 /* FirebaseAnalyticsOnDeviceConversion in Frameworks */ = {isa = PBXBuildFile; productRef = 673BDD4D2C0875790097B038 /* FirebaseAnalyticsOnDeviceConversion */; };
		673BDD502C0875790097B038 /* FirebaseAnalyticsSwift in Frameworks */ = {isa = PBXBuildFile; productRef = 673BDD4F2C0875790097B038 /* FirebaseAnalyticsSwift */; };
		673BDD522C0875790097B038 /* FirebaseAnalyticsWithoutAdIdSupport in Frameworks */ = {isa = PBXBuildFile; productRef = 673BDD512C0875790097B038 /* FirebaseAnalyticsWithoutAdIdSupport */; };
		673BDD542C0875790097B038 /* FirebaseAppCheck in Frameworks */ = {isa = PBXBuildFile; productRef = 673BDD532C0875790097B038 /* FirebaseAppCheck */; };
		673BDD562C0875790097B038 /* FirebaseAppDistribution-Beta in Frameworks */ = {isa = PBXBuildFile; productRef = 673BDD552C0875790097B038 /* FirebaseAppDistribution-Beta */; };
		673BDD582C0875790097B038 /* FirebaseAuth in Frameworks */ = {isa = PBXBuildFile; productRef = 673BDD572C0875790097B038 /* FirebaseAuth */; };
		673BDD5A2C0875790097B038 /* FirebaseAuthCombine-Community in Frameworks */ = {isa = PBXBuildFile; productRef = 673BDD592C0875790097B038 /* FirebaseAuthCombine-Community */; };
		673BDD5C2C0875790097B038 /* FirebaseCrashlytics in Frameworks */ = {isa = PBXBuildFile; productRef = 673BDD5B2C0875790097B038 /* FirebaseCrashlytics */; };
		673BDD5E2C0875790097B038 /* FirebaseDatabase in Frameworks */ = {isa = PBXBuildFile; productRef = 673BDD5D2C0875790097B038 /* FirebaseDatabase */; };
		673BDD602C0875790097B038 /* FirebaseDatabaseSwift in Frameworks */ = {isa = PBXBuildFile; productRef = 673BDD5F2C0875790097B038 /* FirebaseDatabaseSwift */; };
		673BDD622C0875790097B038 /* FirebaseDynamicLinks in Frameworks */ = {isa = PBXBuildFile; productRef = 673BDD612C0875790097B038 /* FirebaseDynamicLinks */; };
		673BDD662C0876570097B038 /* FirebaseAnalytics in Frameworks */ = {isa = PBXBuildFile; productRef = 673BDD652C0876570097B038 /* FirebaseAnalytics */; };
		673BDD682C0876570097B038 /* FirebaseAnalyticsOnDeviceConversion in Frameworks */ = {isa = PBXBuildFile; productRef = 673BDD672C0876570097B038 /* FirebaseAnalyticsOnDeviceConversion */; };
		673BDD6A2C0876570097B038 /* FirebaseAnalyticsSwift in Frameworks */ = {isa = PBXBuildFile; productRef = 673BDD692C0876570097B038 /* FirebaseAnalyticsSwift */; };
		673BDD6C2C0876570097B038 /* FirebaseAnalyticsWithoutAdIdSupport in Frameworks */ = {isa = PBXBuildFile; productRef = 673BDD6B2C0876570097B038 /* FirebaseAnalyticsWithoutAdIdSupport */; };
		673BDD6E2C0876570097B038 /* FirebaseAppCheck in Frameworks */ = {isa = PBXBuildFile; productRef = 673BDD6D2C0876570097B038 /* FirebaseAppCheck */; };
		673BDD702C0876570097B038 /* FirebaseAppDistribution-Beta in Frameworks */ = {isa = PBXBuildFile; productRef = 673BDD6F2C0876570097B038 /* FirebaseAppDistribution-Beta */; };
		673BDD722C0876580097B038 /* FirebaseAuth in Frameworks */ = {isa = PBXBuildFile; productRef = 673BDD712C0876570097B038 /* FirebaseAuth */; };
		673BDD742C0876580097B038 /* FirebaseAuthCombine-Community in Frameworks */ = {isa = PBXBuildFile; productRef = 673BDD732C0876580097B038 /* FirebaseAuthCombine-Community */; };
		673BDD762C0876580097B038 /* FirebaseCrashlytics in Frameworks */ = {isa = PBXBuildFile; productRef = 673BDD752C0876580097B038 /* FirebaseCrashlytics */; };
		673BDD782C0876580097B038 /* FirebaseDatabase in Frameworks */ = {isa = PBXBuildFile; productRef = 673BDD772C0876580097B038 /* FirebaseDatabase */; };
		673BDD7A2C0876580097B038 /* FirebaseDatabaseSwift in Frameworks */ = {isa = PBXBuildFile; productRef = 673BDD792C0876580097B038 /* FirebaseDatabaseSwift */; };
		673BDD7C2C0876580097B038 /* FirebaseDynamicLinks in Frameworks */ = {isa = PBXBuildFile; productRef = 673BDD7B2C0876580097B038 /* FirebaseDynamicLinks */; };
		673BDD7E2C0876580097B038 /* FirebaseFirestore in Frameworks */ = {isa = PBXBuildFile; productRef = 673BDD7D2C0876580097B038 /* FirebaseFirestore */; };
		673BDD802C0876580097B038 /* FirebaseFirestoreCombine-Community in Frameworks */ = {isa = PBXBuildFile; productRef = 673BDD7F2C0876580097B038 /* FirebaseFirestoreCombine-Community */; };
		673BDD822C0876580097B038 /* FirebaseFirestoreSwift in Frameworks */ = {isa = PBXBuildFile; productRef = 673BDD812C0876580097B038 /* FirebaseFirestoreSwift */; };
		673BDD842C0876580097B038 /* FirebaseFunctions in Frameworks */ = {isa = PBXBuildFile; productRef = 673BDD832C0876580097B038 /* FirebaseFunctions */; };
		673BDD862C0876580097B038 /* FirebaseFunctionsCombine-Community in Frameworks */ = {isa = PBXBuildFile; productRef = 673BDD852C0876580097B038 /* FirebaseFunctionsCombine-Community */; };
		673BDD882C0876580097B038 /* FirebaseInAppMessaging-Beta in Frameworks */ = {isa = PBXBuildFile; productRef = 673BDD872C0876580097B038 /* FirebaseInAppMessaging-Beta */; };
		673BDD8A2C0877630097B038 /* GoogleService-Info.plist in Resources */ = {isa = PBXBuildFile; fileRef = 673BDD892C0877630097B038 /* GoogleService-Info.plist */; };
		673BDD8C2C08A02E0097B038 /* Block.swift in Sources */ = {isa = PBXBuildFile; fileRef = 673BDD8B2C08A02E0097B038 /* Block.swift */; };
		673BDD8E2C08A0840097B038 /* Exercise.swift in Sources */ = {isa = PBXBuildFile; fileRef = 673BDD8D2C08A0840097B038 /* Exercise.swift */; };
		673BDD902C08A2A00097B038 /* Attempt.swift in Sources */ = {isa = PBXBuildFile; fileRef = 673BDD8F2C08A2A00097B038 /* Attempt.swift */; };
		673BDD962C08A9A00097B038 /* BlockoutService.swift in Sources */ = {isa = PBXBuildFile; fileRef = 673BDD952C08A9A00097B038 /* BlockoutService.swift */; };
		673BDD982C08AB650097B038 /* Blockout.swift in Sources */ = {isa = PBXBuildFile; fileRef = 673BDD972C08AB650097B038 /* Blockout.swift */; };
		673BDDA02C0B04980097B038 /* BlockoutDetailView.swift in Sources */ = {isa = PBXBuildFile; fileRef = 673BDD9F2C0B04980097B038 /* BlockoutDetailView.swift */; };
		6743475F2C146F4D00061E9D /* Blocks.swift in Sources */ = {isa = PBXBuildFile; fileRef = 6743475E2C146F4D00061E9D /* Blocks.swift */; };
		679714F32C0B0CF50029B787 /* BlockDetailView.swift in Sources */ = {isa = PBXBuildFile; fileRef = 679714F22C0B0CF50029B787 /* BlockDetailView.swift */; };
		679714FB2C0B0F990029B787 /* ExerciseCellView.swift in Sources */ = {isa = PBXBuildFile; fileRef = 679714FA2C0B0F990029B787 /* ExerciseCellView.swift */; };
		679714FD2C0B0FE10029B787 /* YoutubeView.swift in Sources */ = {isa = PBXBuildFile; fileRef = 679714FC2C0B0FE10029B787 /* YoutubeView.swift */; };
		679715002C0B138D0029B787 /* BlockoutView.swift in Sources */ = {isa = PBXBuildFile; fileRef = 679714FF2C0B138D0029B787 /* BlockoutView.swift */; };
		679715022C0B13BF0029B787 /* ExerciseView.swift in Sources */ = {isa = PBXBuildFile; fileRef = 679715012C0B13BF0029B787 /* ExerciseView.swift */; };
		679715102C0C64FC0029B787 /* SpeechService.swift in Sources */ = {isa = PBXBuildFile; fileRef = 6797150F2C0C64FC0029B787 /* SpeechService.swift */; };
		679715142C0C9A530029B787 /* Round.swift in Sources */ = {isa = PBXBuildFile; fileRef = 679715132C0C9A530029B787 /* Round.swift */; };
		67D09B602C1DE22F001AEE0B /* TimerView.swift in Sources */ = {isa = PBXBuildFile; fileRef = 67D09B5B2C1DE22F001AEE0B /* TimerView.swift */; };
		67D09B612C1DE22F001AEE0B /* ClockView.swift in Sources */ = {isa = PBXBuildFile; fileRef = 67D09B5D2C1DE22F001AEE0B /* ClockView.swift */; };
		67D09B622C1DE22F001AEE0B /* ProgressBarView.swift in Sources */ = {isa = PBXBuildFile; fileRef = 67D09B5E2C1DE22F001AEE0B /* ProgressBarView.swift */; };
		67D09B632C1DE22F001AEE0B /* ProgressTrackView.swift in Sources */ = {isa = PBXBuildFile; fileRef = 67D09B5F2C1DE22F001AEE0B /* ProgressTrackView.swift */; };
		67D09B652C1DE40F001AEE0B /* BlockEdit.swift in Sources */ = {isa = PBXBuildFile; fileRef = 67D09B642C1DE40F001AEE0B /* BlockEdit.swift */; };
		67D09B692C1E4A9E001AEE0B /* TimerMenuView.swift in Sources */ = {isa = PBXBuildFile; fileRef = 67D09B682C1E4A9E001AEE0B /* TimerMenuView.swift */; };
		67D09B6B2C1E545F001AEE0B /* AppCheckProviderFactory.swift in Sources */ = {isa = PBXBuildFile; fileRef = 67D09B6A2C1E545F001AEE0B /* AppCheckProviderFactory.swift */; };
		67D09B742C1F50F8001AEE0B /* AmrapSetupView.swift in Sources */ = {isa = PBXBuildFile; fileRef = 67D09B732C1F50F8001AEE0B /* AmrapSetupView.swift */; };
		67D09B792C1F58B7001AEE0B /* TimerMenuViewModel.swift in Sources */ = {isa = PBXBuildFile; fileRef = 67D09B782C1F58B7001AEE0B /* TimerMenuViewModel.swift */; };
		67D09B7C2C1F5B8F001AEE0B /* TimerOptionView.swift in Sources */ = {isa = PBXBuildFile; fileRef = 67D09B7B2C1F5B8F001AEE0B /* TimerOptionView.swift */; };
		67D09B802C1F5C90001AEE0B /* FortimeSetupView.swift in Sources */ = {isa = PBXBuildFile; fileRef = 67D09B7F2C1F5C90001AEE0B /* FortimeSetupView.swift */; };
		67D09B822C1F5D2C001AEE0B /* TabataSetupView.swift in Sources */ = {isa = PBXBuildFile; fileRef = 67D09B812C1F5D2C001AEE0B /* TabataSetupView.swift */; };
		67D09B842C1F5F1E001AEE0B /* EmomSetupView.swift in Sources */ = {isa = PBXBuildFile; fileRef = 67D09B832C1F5F1E001AEE0B /* EmomSetupView.swift */; };
/* End PBXBuildFile section */

/* Begin PBXFileReference section */
		6739572C2C1DAF390013F97D /* CreateBlockoutViewModel.swift */ = {isa = PBXFileReference; fileEncoding = 4; lastKnownFileType = sourcecode.swift; path = CreateBlockoutViewModel.swift; sourceTree = "<group>"; };
		6739572E2C1DAF390013F97D /* AddBlockButton.swift */ = {isa = PBXFileReference; fileEncoding = 4; lastKnownFileType = sourcecode.swift; path = AddBlockButton.swift; sourceTree = "<group>"; };
		673957312C1DAF390013F97D /* BlockEditCard.swift */ = {isa = PBXFileReference; fileEncoding = 4; lastKnownFileType = sourcecode.swift; path = BlockEditCard.swift; sourceTree = "<group>"; };
		673957332C1DAF390013F97D /* TextToChipView.swift */ = {isa = PBXFileReference; fileEncoding = 4; lastKnownFileType = sourcecode.swift; path = TextToChipView.swift; sourceTree = "<group>"; };
		673957352C1DAF390013F97D /* CreateBlockoutView.swift */ = {isa = PBXFileReference; fileEncoding = 4; lastKnownFileType = sourcecode.swift; path = CreateBlockoutView.swift; sourceTree = "<group>"; };
		673BDCF52C0872EC0097B038 /* nobullshit.app */ = {isa = PBXFileReference; explicitFileType = wrapper.application; includeInIndex = 0; path = nobullshit.app; sourceTree = BUILT_PRODUCTS_DIR; };
		673BDCF82C0872EC0097B038 /* nobullshitApp.swift */ = {isa = PBXFileReference; lastKnownFileType = sourcecode.swift; path = nobullshitApp.swift; sourceTree = "<group>"; };
		673BDCFA2C0872EC0097B038 /* ContentView.swift */ = {isa = PBXFileReference; lastKnownFileType = sourcecode.swift; path = ContentView.swift; sourceTree = "<group>"; };
		673BDCFC2C0872F00097B038 /* Assets.xcassets */ = {isa = PBXFileReference; lastKnownFileType = folder.assetcatalog; path = Assets.xcassets; sourceTree = "<group>"; };
		673BDCFF2C0872F00097B038 /* Preview Assets.xcassets */ = {isa = PBXFileReference; lastKnownFileType = folder.assetcatalog; path = "Preview Assets.xcassets"; sourceTree = "<group>"; };
		673BDD0A2C0873B20097B038 /* HomeViewModel.swift */ = {isa = PBXFileReference; fileEncoding = 4; lastKnownFileType = sourcecode.swift; path = HomeViewModel.swift; sourceTree = "<group>"; };
		673BDD0B2C0873B20097B038 /* HomeView.swift */ = {isa = PBXFileReference; fileEncoding = 4; lastKnownFileType = sourcecode.swift; path = HomeView.swift; sourceTree = "<group>"; };
		673BDD0E2C0873B20097B038 /* AuthViewModel.swift */ = {isa = PBXFileReference; fileEncoding = 4; lastKnownFileType = sourcecode.swift; path = AuthViewModel.swift; sourceTree = "<group>"; };
		673BDD0F2C0873B20097B038 /* AuthView.swift */ = {isa = PBXFileReference; fileEncoding = 4; lastKnownFileType = sourcecode.swift; path = AuthView.swift; sourceTree = "<group>"; };
		673BDD112C0873B20097B038 /* PreferenceView.swift */ = {isa = PBXFileReference; fileEncoding = 4; lastKnownFileType = sourcecode.swift; path = PreferenceView.swift; sourceTree = "<group>"; };
		673BDD122C0873B20097B038 /* PreferenceViewModel.swift */ = {isa = PBXFileReference; fileEncoding = 4; lastKnownFileType = sourcecode.swift; path = PreferenceViewModel.swift; sourceTree = "<group>"; };
		673BDD142C0873B20097B038 /* UserProfileView.swift */ = {isa = PBXFileReference; fileEncoding = 4; lastKnownFileType = sourcecode.swift; path = UserProfileView.swift; sourceTree = "<group>"; };
		673BDD152C0873B20097B038 /* UserProfileViewModel.swift */ = {isa = PBXFileReference; fileEncoding = 4; lastKnownFileType = sourcecode.swift; path = UserProfileViewModel.swift; sourceTree = "<group>"; };
		673BDD172C0873B20097B038 /* OnboardingHelper.swift */ = {isa = PBXFileReference; fileEncoding = 4; lastKnownFileType = sourcecode.swift; path = OnboardingHelper.swift; sourceTree = "<group>"; };
		673BDD182C0873B20097B038 /* OnboardingView.swift */ = {isa = PBXFileReference; fileEncoding = 4; lastKnownFileType = sourcecode.swift; path = OnboardingView.swift; sourceTree = "<group>"; };
		673BDD242C0873C00097B038 /* UserProfileService.swift */ = {isa = PBXFileReference; fileEncoding = 4; lastKnownFileType = sourcecode.swift; path = UserProfileService.swift; sourceTree = "<group>"; };
		673BDD252C0873C00097B038 /* AccountService.swift */ = {isa = PBXFileReference; fileEncoding = 4; lastKnownFileType = sourcecode.swift; path = AccountService.swift; sourceTree = "<group>"; };
		673BDD262C0873C00097B038 /* AuthService.swift */ = {isa = PBXFileReference; fileEncoding = 4; lastKnownFileType = sourcecode.swift; path = AuthService.swift; sourceTree = "<group>"; };
		673BDD272C0873C00097B038 /* PreferenceService.swift */ = {isa = PBXFileReference; fileEncoding = 4; lastKnownFileType = sourcecode.swift; path = PreferenceService.swift; sourceTree = "<group>"; };
		673BDD2D2C0873CE0097B038 /* GeneralError.swift */ = {isa = PBXFileReference; fileEncoding = 4; lastKnownFileType = sourcecode.swift; path = GeneralError.swift; sourceTree = "<group>"; };
		673BDD2E2C0873CE0097B038 /* UserProfile.swift */ = {isa = PBXFileReference; fileEncoding = 4; lastKnownFileType = sourcecode.swift; path = UserProfile.swift; sourceTree = "<group>"; };
		673BDD2F2C0873CE0097B038 /* AccountDefinition.swift */ = {isa = PBXFileReference; fileEncoding = 4; lastKnownFileType = sourcecode.swift; path = AccountDefinition.swift; sourceTree = "<group>"; };
		673BDD302C0873CE0097B038 /* Preference.swift */ = {isa = PBXFileReference; fileEncoding = 4; lastKnownFileType = sourcecode.swift; path = Preference.swift; sourceTree = "<group>"; };
		673BDD362C0873D90097B038 /* ResourcePaths.swift */ = {isa = PBXFileReference; fileEncoding = 4; lastKnownFileType = sourcecode.swift; path = ResourcePaths.swift; sourceTree = "<group>"; };
		673BDD392C0873E40097B038 /* OnboardingInfo.swift */ = {isa = PBXFileReference; fileEncoding = 4; lastKnownFileType = sourcecode.swift; path = OnboardingInfo.swift; sourceTree = "<group>"; };
		673BDD3B2C08740F0097B038 /* AppState.swift */ = {isa = PBXFileReference; fileEncoding = 4; lastKnownFileType = sourcecode.swift; path = AppState.swift; sourceTree = "<group>"; };
		673BDD892C0877630097B038 /* GoogleService-Info.plist */ = {isa = PBXFileReference; fileEncoding = 4; lastKnownFileType = text.plist.xml; path = "GoogleService-Info.plist"; sourceTree = "<group>"; };
		673BDD8B2C08A02E0097B038 /* Block.swift */ = {isa = PBXFileReference; lastKnownFileType = sourcecode.swift; path = Block.swift; sourceTree = "<group>"; };
		673BDD8D2C08A0840097B038 /* Exercise.swift */ = {isa = PBXFileReference; lastKnownFileType = sourcecode.swift; path = Exercise.swift; sourceTree = "<group>"; };
		673BDD8F2C08A2A00097B038 /* Attempt.swift */ = {isa = PBXFileReference; lastKnownFileType = sourcecode.swift; path = Attempt.swift; sourceTree = "<group>"; };
		673BDD952C08A9A00097B038 /* BlockoutService.swift */ = {isa = PBXFileReference; lastKnownFileType = sourcecode.swift; path = BlockoutService.swift; sourceTree = "<group>"; };
		673BDD972C08AB650097B038 /* Blockout.swift */ = {isa = PBXFileReference; lastKnownFileType = sourcecode.swift; path = Blockout.swift; sourceTree = "<group>"; };
		673BDD9F2C0B04980097B038 /* BlockoutDetailView.swift */ = {isa = PBXFileReference; lastKnownFileType = sourcecode.swift; path = BlockoutDetailView.swift; sourceTree = "<group>"; };
		6743475E2C146F4D00061E9D /* Blocks.swift */ = {isa = PBXFileReference; lastKnownFileType = sourcecode.swift; path = Blocks.swift; sourceTree = "<group>"; };
		679714F22C0B0CF50029B787 /* BlockDetailView.swift */ = {isa = PBXFileReference; lastKnownFileType = sourcecode.swift; path = BlockDetailView.swift; sourceTree = "<group>"; };
		679714FA2C0B0F990029B787 /* ExerciseCellView.swift */ = {isa = PBXFileReference; lastKnownFileType = sourcecode.swift; path = ExerciseCellView.swift; sourceTree = "<group>"; };
		679714FC2C0B0FE10029B787 /* YoutubeView.swift */ = {isa = PBXFileReference; lastKnownFileType = sourcecode.swift; path = YoutubeView.swift; sourceTree = "<group>"; };
		679714FF2C0B138D0029B787 /* BlockoutView.swift */ = {isa = PBXFileReference; lastKnownFileType = sourcecode.swift; path = BlockoutView.swift; sourceTree = "<group>"; };
		679715012C0B13BF0029B787 /* ExerciseView.swift */ = {isa = PBXFileReference; lastKnownFileType = sourcecode.swift; path = ExerciseView.swift; sourceTree = "<group>"; };
		6797150F2C0C64FC0029B787 /* SpeechService.swift */ = {isa = PBXFileReference; fileEncoding = 4; lastKnownFileType = sourcecode.swift; path = SpeechService.swift; sourceTree = "<group>"; };
		679715132C0C9A530029B787 /* Round.swift */ = {isa = PBXFileReference; lastKnownFileType = sourcecode.swift; path = Round.swift; sourceTree = "<group>"; };
		67D09B5B2C1DE22F001AEE0B /* TimerView.swift */ = {isa = PBXFileReference; fileEncoding = 4; lastKnownFileType = sourcecode.swift; path = TimerView.swift; sourceTree = "<group>"; };
		67D09B5D2C1DE22F001AEE0B /* ClockView.swift */ = {isa = PBXFileReference; fileEncoding = 4; lastKnownFileType = sourcecode.swift; path = ClockView.swift; sourceTree = "<group>"; };
		67D09B5E2C1DE22F001AEE0B /* ProgressBarView.swift */ = {isa = PBXFileReference; fileEncoding = 4; lastKnownFileType = sourcecode.swift; path = ProgressBarView.swift; sourceTree = "<group>"; };
		67D09B5F2C1DE22F001AEE0B /* ProgressTrackView.swift */ = {isa = PBXFileReference; fileEncoding = 4; lastKnownFileType = sourcecode.swift; path = ProgressTrackView.swift; sourceTree = "<group>"; };
		67D09B642C1DE40F001AEE0B /* BlockEdit.swift */ = {isa = PBXFileReference; lastKnownFileType = sourcecode.swift; path = BlockEdit.swift; sourceTree = "<group>"; };
		67D09B682C1E4A9E001AEE0B /* TimerMenuView.swift */ = {isa = PBXFileReference; lastKnownFileType = sourcecode.swift; path = TimerMenuView.swift; sourceTree = "<group>"; };
		67D09B6A2C1E545F001AEE0B /* AppCheckProviderFactory.swift */ = {isa = PBXFileReference; lastKnownFileType = sourcecode.swift; path = AppCheckProviderFactory.swift; sourceTree = "<group>"; };
		67D09B732C1F50F8001AEE0B /* AmrapSetupView.swift */ = {isa = PBXFileReference; lastKnownFileType = sourcecode.swift; path = AmrapSetupView.swift; sourceTree = "<group>"; };
		67D09B782C1F58B7001AEE0B /* TimerMenuViewModel.swift */ = {isa = PBXFileReference; lastKnownFileType = sourcecode.swift; path = TimerMenuViewModel.swift; sourceTree = "<group>"; };
		67D09B7B2C1F5B8F001AEE0B /* TimerOptionView.swift */ = {isa = PBXFileReference; lastKnownFileType = sourcecode.swift; path = TimerOptionView.swift; sourceTree = "<group>"; };
		67D09B7F2C1F5C90001AEE0B /* FortimeSetupView.swift */ = {isa = PBXFileReference; lastKnownFileType = sourcecode.swift; path = FortimeSetupView.swift; sourceTree = "<group>"; };
		67D09B812C1F5D2C001AEE0B /* TabataSetupView.swift */ = {isa = PBXFileReference; lastKnownFileType = sourcecode.swift; path = TabataSetupView.swift; sourceTree = "<group>"; };
		67D09B832C1F5F1E001AEE0B /* EmomSetupView.swift */ = {isa = PBXFileReference; lastKnownFileType = sourcecode.swift; path = EmomSetupView.swift; sourceTree = "<group>"; };
/* End PBXFileReference section */

/* Begin PBXFrameworksBuildPhase section */
		673BDCF22C0872EC0097B038 /* Frameworks */ = {
			isa = PBXFrameworksBuildPhase;
			buildActionMask = 2147483647;
			files = (
				673BDD502C0875790097B038 /* FirebaseAnalyticsSwift in Frameworks */,
				673BDD522C0875790097B038 /* FirebaseAnalyticsWithoutAdIdSupport in Frameworks */,
				673BDD4C2C0875790097B038 /* FirebaseAnalytics in Frameworks */,
				673BDD432C0874CF0097B038 /* FirebaseAnalyticsSwift in Frameworks */,
				673BDD4A2C0875100097B038 /* UIOnboarding in Frameworks */,
				673BDD822C0876580097B038 /* FirebaseFirestoreSwift in Frameworks */,
				673BDD622C0875790097B038 /* FirebaseDynamicLinks in Frameworks */,
				673BDD5A2C0875790097B038 /* FirebaseAuthCombine-Community in Frameworks */,
				673BDD682C0876570097B038 /* FirebaseAnalyticsOnDeviceConversion in Frameworks */,
				673BDD5E2C0875790097B038 /* FirebaseDatabase in Frameworks */,
				673BDD3F2C0874CF0097B038 /* FirebaseAnalytics in Frameworks */,
				673BDD882C0876580097B038 /* FirebaseInAppMessaging-Beta in Frameworks */,
				673BDD6E2C0876570097B038 /* FirebaseAppCheck in Frameworks */,
				673BDD722C0876580097B038 /* FirebaseAuth in Frameworks */,
				673BDD7E2C0876580097B038 /* FirebaseFirestore in Frameworks */,
				673BDD412C0874CF0097B038 /* FirebaseAnalyticsOnDeviceConversion in Frameworks */,
				673BDD472C0874CF0097B038 /* FirebaseAppCheck in Frameworks */,
				673BDD452C0874CF0097B038 /* FirebaseAnalyticsWithoutAdIdSupport in Frameworks */,
				673BDD842C0876580097B038 /* FirebaseFunctions in Frameworks */,
				673BDD4E2C0875790097B038 /* FirebaseAnalyticsOnDeviceConversion in Frameworks */,
				673BDD582C0875790097B038 /* FirebaseAuth in Frameworks */,
				673BDD742C0876580097B038 /* FirebaseAuthCombine-Community in Frameworks */,
				673BDD6C2C0876570097B038 /* FirebaseAnalyticsWithoutAdIdSupport in Frameworks */,
				673BDD5C2C0875790097B038 /* FirebaseCrashlytics in Frameworks */,
				673BDD602C0875790097B038 /* FirebaseDatabaseSwift in Frameworks */,
				673957412C1DB0D70013F97D /* SwiftUISnackbar in Frameworks */,
				673BDD542C0875790097B038 /* FirebaseAppCheck in Frameworks */,
				673BDD6A2C0876570097B038 /* FirebaseAnalyticsSwift in Frameworks */,
				673BDD662C0876570097B038 /* FirebaseAnalytics in Frameworks */,
				673BDD802C0876580097B038 /* FirebaseFirestoreCombine-Community in Frameworks */,
				673BDD862C0876580097B038 /* FirebaseFunctionsCombine-Community in Frameworks */,
				673BDD762C0876580097B038 /* FirebaseCrashlytics in Frameworks */,
				673BDD7A2C0876580097B038 /* FirebaseDatabaseSwift in Frameworks */,
				673BDD562C0875790097B038 /* FirebaseAppDistribution-Beta in Frameworks */,
				673BDD782C0876580097B038 /* FirebaseDatabase in Frameworks */,
				673BDD702C0876570097B038 /* FirebaseAppDistribution-Beta in Frameworks */,
				673BDD7C2C0876580097B038 /* FirebaseDynamicLinks in Frameworks */,
			);
			runOnlyForDeploymentPostprocessing = 0;
		};
/* End PBXFrameworksBuildPhase section */

/* Begin PBXGroup section */
		6739572B2C1DAF390013F97D /* CreateBlockout */ = {
			isa = PBXGroup;
			children = (
				6739572D2C1DAF390013F97D /* Views */,
				673957352C1DAF390013F97D /* CreateBlockoutView.swift */,
				6739572C2C1DAF390013F97D /* CreateBlockoutViewModel.swift */,
			);
			path = CreateBlockout;
			sourceTree = "<group>";
		};
		6739572D2C1DAF390013F97D /* Views */ = {
			isa = PBXGroup;
			children = (
				6739572E2C1DAF390013F97D /* AddBlockButton.swift */,
				673957312C1DAF390013F97D /* BlockEditCard.swift */,
			);
			path = Views;
			sourceTree = "<group>";
		};
		673BDCEC2C0872EC0097B038 = {
			isa = PBXGroup;
			children = (
				673BDCF72C0872EC0097B038 /* nobullshit */,
				673BDCF62C0872EC0097B038 /* Products */,
			);
			sourceTree = "<group>";
		};
		673BDCF62C0872EC0097B038 /* Products */ = {
			isa = PBXGroup;
			children = (
				673BDCF52C0872EC0097B038 /* nobullshit.app */,
			);
			name = Products;
			sourceTree = "<group>";
		};
		673BDCF72C0872EC0097B038 /* nobullshit */ = {
			isa = PBXGroup;
			children = (
				67886AF02C2A20E900E27AF9 /* Components */,
				6743475D2C146F3500061E9D /* MockData */,
				673BDD382C0873E40097B038 /* Enums */,
				673BDD352C0873D90097B038 /* DataInfo */,
				673BDD2C2C0873CE0097B038 /* Models */,
				673BDD232C0873C00097B038 /* Services */,
				673BDD082C0873B20097B038 /* Features */,
				673BDCF82C0872EC0097B038 /* nobullshitApp.swift */,
				67D09B6A2C1E545F001AEE0B /* AppCheckProviderFactory.swift */,
				673BDCFA2C0872EC0097B038 /* ContentView.swift */,
				673BDD3B2C08740F0097B038 /* AppState.swift */,
				673BDD892C0877630097B038 /* GoogleService-Info.plist */,
				673BDCFC2C0872F00097B038 /* Assets.xcassets */,
				673BDCFE2C0872F00097B038 /* Preview Content */,
			);
			path = nobullshit;
			sourceTree = "<group>";
		};
		673BDCFE2C0872F00097B038 /* Preview Content */ = {
			isa = PBXGroup;
			children = (
				673BDCFF2C0872F00097B038 /* Preview Assets.xcassets */,
			);
			path = "Preview Content";
			sourceTree = "<group>";
		};
		673BDD082C0873B20097B038 /* Features */ = {
			isa = PBXGroup;
			children = (
				67D09B772C1F586B001AEE0B /* TimerMenu */,
				67D09B5A2C1DE22F001AEE0B /* Timer */,
				6739572B2C1DAF390013F97D /* CreateBlockout */,
				679714F12C0B0CDF0029B787 /* BlockDetail */,
				673BDD9E2C0B04760097B038 /* BlockoutDetail */,
				673BDD092C0873B20097B038 /* Home */,
				673BDD0C2C0873B20097B038 /* Superwall */,
				673BDD0D2C0873B20097B038 /* Auth */,
				673BDD102C0873B20097B038 /* Preference */,
				673BDD132C0873B20097B038 /* UserProfile */,
				673BDD162C0873B20097B038 /* Onboarding */,
			);
			path = Features;
			sourceTree = "<group>";
		};
		673BDD092C0873B20097B038 /* Home */ = {
			isa = PBXGroup;
			children = (
				673BDD0A2C0873B20097B038 /* HomeViewModel.swift */,
				673BDD0B2C0873B20097B038 /* HomeView.swift */,
			);
			path = Home;
			sourceTree = "<group>";
		};
		673BDD0C2C0873B20097B038 /* Superwall */ = {
			isa = PBXGroup;
			children = (
			);
			path = Superwall;
			sourceTree = "<group>";
		};
		673BDD0D2C0873B20097B038 /* Auth */ = {
			isa = PBXGroup;
			children = (
				673BDD0E2C0873B20097B038 /* AuthViewModel.swift */,
				673BDD0F2C0873B20097B038 /* AuthView.swift */,
			);
			path = Auth;
			sourceTree = "<group>";
		};
		673BDD102C0873B20097B038 /* Preference */ = {
			isa = PBXGroup;
			children = (
				673BDD112C0873B20097B038 /* PreferenceView.swift */,
				673BDD122C0873B20097B038 /* PreferenceViewModel.swift */,
			);
			path = Preference;
			sourceTree = "<group>";
		};
		673BDD132C0873B20097B038 /* UserProfile */ = {
			isa = PBXGroup;
			children = (
				673BDD142C0873B20097B038 /* UserProfileView.swift */,
				673BDD152C0873B20097B038 /* UserProfileViewModel.swift */,
			);
			path = UserProfile;
			sourceTree = "<group>";
		};
		673BDD162C0873B20097B038 /* Onboarding */ = {
			isa = PBXGroup;
			children = (
				673BDD172C0873B20097B038 /* OnboardingHelper.swift */,
				673BDD182C0873B20097B038 /* OnboardingView.swift */,
			);
			path = Onboarding;
			sourceTree = "<group>";
		};
		673BDD232C0873C00097B038 /* Services */ = {
			isa = PBXGroup;
			children = (
				6797150F2C0C64FC0029B787 /* SpeechService.swift */,
				673BDD242C0873C00097B038 /* UserProfileService.swift */,
				673BDD252C0873C00097B038 /* AccountService.swift */,
				673BDD262C0873C00097B038 /* AuthService.swift */,
				673BDD272C0873C00097B038 /* PreferenceService.swift */,
				673BDD952C08A9A00097B038 /* BlockoutService.swift */,
			);
			path = Services;
			sourceTree = "<group>";
		};
		673BDD2C2C0873CE0097B038 /* Models */ = {
			isa = PBXGroup;
			children = (
				673BDD2D2C0873CE0097B038 /* GeneralError.swift */,
				673BDD2E2C0873CE0097B038 /* UserProfile.swift */,
				673BDD2F2C0873CE0097B038 /* AccountDefinition.swift */,
				673BDD302C0873CE0097B038 /* Preference.swift */,
				673BDD8D2C08A0840097B038 /* Exercise.swift */,
				673BDD8F2C08A2A00097B038 /* Attempt.swift */,
				673BDD972C08AB650097B038 /* Blockout.swift */,
				673BDD8B2C08A02E0097B038 /* Block.swift */,
				679715132C0C9A530029B787 /* Round.swift */,
				67D09B642C1DE40F001AEE0B /* BlockEdit.swift */,
			);
			path = Models;
			sourceTree = "<group>";
		};
		673BDD352C0873D90097B038 /* DataInfo */ = {
			isa = PBXGroup;
			children = (
				673BDD362C0873D90097B038 /* ResourcePaths.swift */,
			);
			path = DataInfo;
			sourceTree = "<group>";
		};
		673BDD382C0873E40097B038 /* Enums */ = {
			isa = PBXGroup;
			children = (
				673BDD392C0873E40097B038 /* OnboardingInfo.swift */,
			);
			path = Enums;
			sourceTree = "<group>";
		};
		673BDD9E2C0B04760097B038 /* BlockoutDetail */ = {
			isa = PBXGroup;
			children = (
				679714FE2C0B13780029B787 /* Components */,
				673BDD9F2C0B04980097B038 /* BlockoutDetailView.swift */,
			);
			path = BlockoutDetail;
			sourceTree = "<group>";
		};
		6743475D2C146F3500061E9D /* MockData */ = {
			isa = PBXGroup;
			children = (
				6743475E2C146F4D00061E9D /* Blocks.swift */,
			);
			path = MockData;
			sourceTree = "<group>";
		};
		67886AF02C2A20E900E27AF9 /* Components */ = {
			isa = PBXGroup;
			children = (
				67D09B732C1F50F8001AEE0B /* AmrapSetupView.swift */,
				67D09B7B2C1F5B8F001AEE0B /* TimerOptionView.swift */,
				67D09B7F2C1F5C90001AEE0B /* FortimeSetupView.swift */,
				67D09B812C1F5D2C001AEE0B /* TabataSetupView.swift */,
				67D09B832C1F5F1E001AEE0B /* EmomSetupView.swift */,
				673957332C1DAF390013F97D /* TextToChipView.swift */,
			);
			path = Components;
			sourceTree = "<group>";
		};
		679714F12C0B0CDF0029B787 /* BlockDetail */ = {
			isa = PBXGroup;
			children = (
				679714F72C0B0EB20029B787 /* Components */,
				679714F22C0B0CF50029B787 /* BlockDetailView.swift */,
			);
			path = BlockDetail;
			sourceTree = "<group>";
		};
		679714F72C0B0EB20029B787 /* Components */ = {
			isa = PBXGroup;
			children = (
				679714FA2C0B0F990029B787 /* ExerciseCellView.swift */,
				679714FC2C0B0FE10029B787 /* YoutubeView.swift */,
			);
			path = Components;
			sourceTree = "<group>";
		};
		679714FE2C0B13780029B787 /* Components */ = {
			isa = PBXGroup;
			children = (
				679714FF2C0B138D0029B787 /* BlockoutView.swift */,
				679715012C0B13BF0029B787 /* ExerciseView.swift */,
			);
			path = Components;
			sourceTree = "<group>";
		};
		67D09B5A2C1DE22F001AEE0B /* Timer */ = {
			isa = PBXGroup;
			children = (
				67D09B5B2C1DE22F001AEE0B /* TimerView.swift */,
				67D09B5C2C1DE22F001AEE0B /* Views */,
			);
			path = Timer;
			sourceTree = "<group>";
		};
		67D09B5C2C1DE22F001AEE0B /* Views */ = {
			isa = PBXGroup;
			children = (
				67D09B5D2C1DE22F001AEE0B /* ClockView.swift */,
				67D09B5E2C1DE22F001AEE0B /* ProgressBarView.swift */,
				67D09B5F2C1DE22F001AEE0B /* ProgressTrackView.swift */,
			);
			path = Views;
			sourceTree = "<group>";
		};
		67D09B772C1F586B001AEE0B /* TimerMenu */ = {
			isa = PBXGroup;
			children = (
				67D09B682C1E4A9E001AEE0B /* TimerMenuView.swift */,
				67D09B782C1F58B7001AEE0B /* TimerMenuViewModel.swift */,
			);
			path = TimerMenu;
			sourceTree = "<group>";
		};
/* End PBXGroup section */

/* Begin PBXNativeTarget section */
		673BDCF42C0872EC0097B038 /* nobullshit */ = {
			isa = PBXNativeTarget;
			buildConfigurationList = 673BDD032C0872F00097B038 /* Build configuration list for PBXNativeTarget "nobullshit" */;
			buildPhases = (
				673BDCF12C0872EC0097B038 /* Sources */,
				673BDCF22C0872EC0097B038 /* Frameworks */,
				673BDCF32C0872EC0097B038 /* Resources */,
			);
			buildRules = (
			);
			dependencies = (
			);
			name = nobullshit;
			packageProductDependencies = (
				673BDD3E2C0874CF0097B038 /* FirebaseAnalytics */,
				673BDD402C0874CF0097B038 /* FirebaseAnalyticsOnDeviceConversion */,
				673BDD422C0874CF0097B038 /* FirebaseAnalyticsSwift */,
				673BDD442C0874CF0097B038 /* FirebaseAnalyticsWithoutAdIdSupport */,
				673BDD462C0874CF0097B038 /* FirebaseAppCheck */,
				673BDD492C0875100097B038 /* UIOnboarding */,
				673BDD4B2C0875790097B038 /* FirebaseAnalytics */,
				673BDD4D2C0875790097B038 /* FirebaseAnalyticsOnDeviceConversion */,
				673BDD4F2C0875790097B038 /* FirebaseAnalyticsSwift */,
				673BDD512C0875790097B038 /* FirebaseAnalyticsWithoutAdIdSupport */,
				673BDD532C0875790097B038 /* FirebaseAppCheck */,
				673BDD552C0875790097B038 /* FirebaseAppDistribution-Beta */,
				673BDD572C0875790097B038 /* FirebaseAuth */,
				673BDD592C0875790097B038 /* FirebaseAuthCombine-Community */,
				673BDD5B2C0875790097B038 /* FirebaseCrashlytics */,
				673BDD5D2C0875790097B038 /* FirebaseDatabase */,
				673BDD5F2C0875790097B038 /* FirebaseDatabaseSwift */,
				673BDD612C0875790097B038 /* FirebaseDynamicLinks */,
				673BDD652C0876570097B038 /* FirebaseAnalytics */,
				673BDD672C0876570097B038 /* FirebaseAnalyticsOnDeviceConversion */,
				673BDD692C0876570097B038 /* FirebaseAnalyticsSwift */,
				673BDD6B2C0876570097B038 /* FirebaseAnalyticsWithoutAdIdSupport */,
				673BDD6D2C0876570097B038 /* FirebaseAppCheck */,
				673BDD6F2C0876570097B038 /* FirebaseAppDistribution-Beta */,
				673BDD712C0876570097B038 /* FirebaseAuth */,
				673BDD732C0876580097B038 /* FirebaseAuthCombine-Community */,
				673BDD752C0876580097B038 /* FirebaseCrashlytics */,
				673BDD772C0876580097B038 /* FirebaseDatabase */,
				673BDD792C0876580097B038 /* FirebaseDatabaseSwift */,
				673BDD7B2C0876580097B038 /* FirebaseDynamicLinks */,
				673BDD7D2C0876580097B038 /* FirebaseFirestore */,
				673BDD7F2C0876580097B038 /* FirebaseFirestoreCombine-Community */,
				673BDD812C0876580097B038 /* FirebaseFirestoreSwift */,
				673BDD832C0876580097B038 /* FirebaseFunctions */,
				673BDD852C0876580097B038 /* FirebaseFunctionsCombine-Community */,
				673BDD872C0876580097B038 /* FirebaseInAppMessaging-Beta */,
				673957402C1DB0D70013F97D /* SwiftUISnackbar */,
			);
			productName = nobullshit;
			productReference = 673BDCF52C0872EC0097B038 /* nobullshit.app */;
			productType = "com.apple.product-type.application";
		};
/* End PBXNativeTarget section */

/* Begin PBXProject section */
		673BDCED2C0872EC0097B038 /* Project object */ = {
			isa = PBXProject;
			attributes = {
				BuildIndependentTargetsInParallel = 1;
				LastSwiftUpdateCheck = 1520;
				LastUpgradeCheck = 1520;
				TargetAttributes = {
					673BDCF42C0872EC0097B038 = {
						CreatedOnToolsVersion = 15.2;
					};
				};
			};
			buildConfigurationList = 673BDCF02C0872EC0097B038 /* Build configuration list for PBXProject "nobullshit" */;
			compatibilityVersion = "Xcode 14.0";
			developmentRegion = en;
			hasScannedForEncodings = 0;
			knownRegions = (
				en,
				Base,
			);
			mainGroup = 673BDCEC2C0872EC0097B038;
			packageReferences = (
				673BDD3D2C0874CF0097B038 /* XCRemoteSwiftPackageReference "firebase-ios-sdk" */,
				673BDD482C0875100097B038 /* XCRemoteSwiftPackageReference "UIOnboarding" */,
				6739573F2C1DB0D70013F97D /* XCRemoteSwiftPackageReference "SwiftUISnackbar" */,
			);
			productRefGroup = 673BDCF62C0872EC0097B038 /* Products */;
			projectDirPath = "";
			projectRoot = "";
			targets = (
				673BDCF42C0872EC0097B038 /* nobullshit */,
			);
		};
/* End PBXProject section */

/* Begin PBXResourcesBuildPhase section */
		673BDCF32C0872EC0097B038 /* Resources */ = {
			isa = PBXResourcesBuildPhase;
			buildActionMask = 2147483647;
			files = (
				673BDD8A2C0877630097B038 /* GoogleService-Info.plist in Resources */,
				673BDD002C0872F00097B038 /* Preview Assets.xcassets in Resources */,
				673BDCFD2C0872F00097B038 /* Assets.xcassets in Resources */,
			);
			runOnlyForDeploymentPostprocessing = 0;
		};
/* End PBXResourcesBuildPhase section */

/* Begin PBXSourcesBuildPhase section */
		673BDCF12C0872EC0097B038 /* Sources */ = {
			isa = PBXSourcesBuildPhase;
			buildActionMask = 2147483647;
			files = (
				673BDD1B2C0873B20097B038 /* AuthViewModel.swift in Sources */,
				67D09B612C1DE22F001AEE0B /* ClockView.swift in Sources */,
				673BDD1F2C0873B20097B038 /* UserProfileView.swift in Sources */,
				673BDD2B2C0873C00097B038 /* PreferenceService.swift in Sources */,
				673957372C1DAF390013F97D /* AddBlockButton.swift in Sources */,
				673BDCFB2C0872EC0097B038 /* ContentView.swift in Sources */,
				673BDD212C0873B20097B038 /* OnboardingHelper.swift in Sources */,
				673957362C1DAF390013F97D /* CreateBlockoutViewModel.swift in Sources */,
				6743475F2C146F4D00061E9D /* Blocks.swift in Sources */,
				673BDD1C2C0873B20097B038 /* AuthView.swift in Sources */,
				673BDD282C0873C00097B038 /* UserProfileService.swift in Sources */,
				673BDD1A2C0873B20097B038 /* HomeView.swift in Sources */,
				673BDD322C0873CE0097B038 /* UserProfile.swift in Sources */,
				673BDD8C2C08A02E0097B038 /* Block.swift in Sources */,
				673BDD962C08A9A00097B038 /* BlockoutService.swift in Sources */,
				67D09B622C1DE22F001AEE0B /* ProgressBarView.swift in Sources */,
				673BDD8E2C08A0840097B038 /* Exercise.swift in Sources */,
				679715142C0C9A530029B787 /* Round.swift in Sources */,
				67D09B792C1F58B7001AEE0B /* TimerMenuViewModel.swift in Sources */,
				673BDD902C08A2A00097B038 /* Attempt.swift in Sources */,
				673BDD192C0873B20097B038 /* HomeViewModel.swift in Sources */,
				673BDD342C0873CE0097B038 /* Preference.swift in Sources */,
				67D09B6B2C1E545F001AEE0B /* AppCheckProviderFactory.swift in Sources */,
				6739573E2C1DAF390013F97D /* CreateBlockoutView.swift in Sources */,
				673BDD312C0873CE0097B038 /* GeneralError.swift in Sources */,
				673BDD372C0873D90097B038 /* ResourcePaths.swift in Sources */,
				673BDCF92C0872EC0097B038 /* nobullshitApp.swift in Sources */,
				673BDD202C0873B20097B038 /* UserProfileViewModel.swift in Sources */,
				679715002C0B138D0029B787 /* BlockoutView.swift in Sources */,
				67D09B7C2C1F5B8F001AEE0B /* TimerOptionView.swift in Sources */,
				679715022C0B13BF0029B787 /* ExerciseView.swift in Sources */,
				67D09B802C1F5C90001AEE0B /* FortimeSetupView.swift in Sources */,
				673BDD222C0873B20097B038 /* OnboardingView.swift in Sources */,
				673BDD3A2C0873E40097B038 /* OnboardingInfo.swift in Sources */,
				679714FD2C0B0FE10029B787 /* YoutubeView.swift in Sources */,
				6739573C2C1DAF390013F97D /* TextToChipView.swift in Sources */,
				673BDD3C2C08740F0097B038 /* AppState.swift in Sources */,
				679714F32C0B0CF50029B787 /* BlockDetailView.swift in Sources */,
				67D09B652C1DE40F001AEE0B /* BlockEdit.swift in Sources */,
				679715102C0C64FC0029B787 /* SpeechService.swift in Sources */,
				67D09B632C1DE22F001AEE0B /* ProgressTrackView.swift in Sources */,
				673BDD292C0873C00097B038 /* AccountService.swift in Sources */,
				67D09B822C1F5D2C001AEE0B /* TabataSetupView.swift in Sources */,
				673BDD2A2C0873C00097B038 /* AuthService.swift in Sources */,
				67D09B842C1F5F1E001AEE0B /* EmomSetupView.swift in Sources */,
				67D09B742C1F50F8001AEE0B /* AmrapSetupView.swift in Sources */,
				673BDD982C08AB650097B038 /* Blockout.swift in Sources */,
				6739573A2C1DAF390013F97D /* BlockEditCard.swift in Sources */,
				673BDDA02C0B04980097B038 /* BlockoutDetailView.swift in Sources */,
				679714FB2C0B0F990029B787 /* ExerciseCellView.swift in Sources */,
				67D09B692C1E4A9E001AEE0B /* TimerMenuView.swift in Sources */,
				673BDD1D2C0873B20097B038 /* PreferenceView.swift in Sources */,
				673BDD1E2C0873B20097B038 /* PreferenceViewModel.swift in Sources */,
				673BDD332C0873CE0097B038 /* AccountDefinition.swift in Sources */,
				67D09B602C1DE22F001AEE0B /* TimerView.swift in Sources */,
			);
			runOnlyForDeploymentPostprocessing = 0;
		};
/* End PBXSourcesBuildPhase section */

/* Begin XCBuildConfiguration section */
		673BDD012C0872F00097B038 /* Debug */ = {
			isa = XCBuildConfiguration;
			buildSettings = {
				ALWAYS_SEARCH_USER_PATHS = NO;
				ASSETCATALOG_COMPILER_GENERATE_SWIFT_ASSET_SYMBOL_EXTENSIONS = YES;
				CLANG_ANALYZER_NONNULL = YES;
				CLANG_ANALYZER_NUMBER_OBJECT_CONVERSION = YES_AGGRESSIVE;
				CLANG_CXX_LANGUAGE_STANDARD = "gnu++20";
				CLANG_ENABLE_MODULES = YES;
				CLANG_ENABLE_OBJC_ARC = YES;
				CLANG_ENABLE_OBJC_WEAK = YES;
				CLANG_WARN_BLOCK_CAPTURE_AUTORELEASING = YES;
				CLANG_WARN_BOOL_CONVERSION = YES;
				CLANG_WARN_COMMA = YES;
				CLANG_WARN_CONSTANT_CONVERSION = YES;
				CLANG_WARN_DEPRECATED_OBJC_IMPLEMENTATIONS = YES;
				CLANG_WARN_DIRECT_OBJC_ISA_USAGE = YES_ERROR;
				CLANG_WARN_DOCUMENTATION_COMMENTS = YES;
				CLANG_WARN_EMPTY_BODY = YES;
				CLANG_WARN_ENUM_CONVERSION = YES;
				CLANG_WARN_INFINITE_RECURSION = YES;
				CLANG_WARN_INT_CONVERSION = YES;
				CLANG_WARN_NON_LITERAL_NULL_CONVERSION = YES;
				CLANG_WARN_OBJC_IMPLICIT_RETAIN_SELF = YES;
				CLANG_WARN_OBJC_LITERAL_CONVERSION = YES;
				CLANG_WARN_OBJC_ROOT_CLASS = YES_ERROR;
				CLANG_WARN_QUOTED_INCLUDE_IN_FRAMEWORK_HEADER = YES;
				CLANG_WARN_RANGE_LOOP_ANALYSIS = YES;
				CLANG_WARN_STRICT_PROTOTYPES = YES;
				CLANG_WARN_SUSPICIOUS_MOVE = YES;
				CLANG_WARN_UNGUARDED_AVAILABILITY = YES_AGGRESSIVE;
				CLANG_WARN_UNREACHABLE_CODE = YES;
				CLANG_WARN__DUPLICATE_METHOD_MATCH = YES;
				COPY_PHASE_STRIP = NO;
				DEBUG_INFORMATION_FORMAT = dwarf;
				ENABLE_STRICT_OBJC_MSGSEND = YES;
				ENABLE_TESTABILITY = YES;
				ENABLE_USER_SCRIPT_SANDBOXING = YES;
				GCC_C_LANGUAGE_STANDARD = gnu17;
				GCC_DYNAMIC_NO_PIC = NO;
				GCC_NO_COMMON_BLOCKS = YES;
				GCC_OPTIMIZATION_LEVEL = 0;
				GCC_PREPROCESSOR_DEFINITIONS = (
					"DEBUG=1",
					"$(inherited)",
				);
				GCC_WARN_64_TO_32_BIT_CONVERSION = YES;
				GCC_WARN_ABOUT_RETURN_TYPE = YES_ERROR;
				GCC_WARN_UNDECLARED_SELECTOR = YES;
				GCC_WARN_UNINITIALIZED_AUTOS = YES_AGGRESSIVE;
				GCC_WARN_UNUSED_FUNCTION = YES;
				GCC_WARN_UNUSED_VARIABLE = YES;
				IPHONEOS_DEPLOYMENT_TARGET = 17.2;
				LOCALIZATION_PREFERS_STRING_CATALOGS = YES;
				MTL_ENABLE_DEBUG_INFO = INCLUDE_SOURCE;
				MTL_FAST_MATH = YES;
				ONLY_ACTIVE_ARCH = YES;
				SDKROOT = iphoneos;
				SWIFT_ACTIVE_COMPILATION_CONDITIONS = "DEBUG $(inherited)";
				SWIFT_OPTIMIZATION_LEVEL = "-Onone";
			};
			name = Debug;
		};
		673BDD022C0872F00097B038 /* Release */ = {
			isa = XCBuildConfiguration;
			buildSettings = {
				ALWAYS_SEARCH_USER_PATHS = NO;
				ASSETCATALOG_COMPILER_GENERATE_SWIFT_ASSET_SYMBOL_EXTENSIONS = YES;
				CLANG_ANALYZER_NONNULL = YES;
				CLANG_ANALYZER_NUMBER_OBJECT_CONVERSION = YES_AGGRESSIVE;
				CLANG_CXX_LANGUAGE_STANDARD = "gnu++20";
				CLANG_ENABLE_MODULES = YES;
				CLANG_ENABLE_OBJC_ARC = YES;
				CLANG_ENABLE_OBJC_WEAK = YES;
				CLANG_WARN_BLOCK_CAPTURE_AUTORELEASING = YES;
				CLANG_WARN_BOOL_CONVERSION = YES;
				CLANG_WARN_COMMA = YES;
				CLANG_WARN_CONSTANT_CONVERSION = YES;
				CLANG_WARN_DEPRECATED_OBJC_IMPLEMENTATIONS = YES;
				CLANG_WARN_DIRECT_OBJC_ISA_USAGE = YES_ERROR;
				CLANG_WARN_DOCUMENTATION_COMMENTS = YES;
				CLANG_WARN_EMPTY_BODY = YES;
				CLANG_WARN_ENUM_CONVERSION = YES;
				CLANG_WARN_INFINITE_RECURSION = YES;
				CLANG_WARN_INT_CONVERSION = YES;
				CLANG_WARN_NON_LITERAL_NULL_CONVERSION = YES;
				CLANG_WARN_OBJC_IMPLICIT_RETAIN_SELF = YES;
				CLANG_WARN_OBJC_LITERAL_CONVERSION = YES;
				CLANG_WARN_OBJC_ROOT_CLASS = YES_ERROR;
				CLANG_WARN_QUOTED_INCLUDE_IN_FRAMEWORK_HEADER = YES;
				CLANG_WARN_RANGE_LOOP_ANALYSIS = YES;
				CLANG_WARN_STRICT_PROTOTYPES = YES;
				CLANG_WARN_SUSPICIOUS_MOVE = YES;
				CLANG_WARN_UNGUARDED_AVAILABILITY = YES_AGGRESSIVE;
				CLANG_WARN_UNREACHABLE_CODE = YES;
				CLANG_WARN__DUPLICATE_METHOD_MATCH = YES;
				COPY_PHASE_STRIP = NO;
				DEBUG_INFORMATION_FORMAT = "dwarf-with-dsym";
				ENABLE_NS_ASSERTIONS = NO;
				ENABLE_STRICT_OBJC_MSGSEND = YES;
				ENABLE_USER_SCRIPT_SANDBOXING = YES;
				GCC_C_LANGUAGE_STANDARD = gnu17;
				GCC_NO_COMMON_BLOCKS = YES;
				GCC_WARN_64_TO_32_BIT_CONVERSION = YES;
				GCC_WARN_ABOUT_RETURN_TYPE = YES_ERROR;
				GCC_WARN_UNDECLARED_SELECTOR = YES;
				GCC_WARN_UNINITIALIZED_AUTOS = YES_AGGRESSIVE;
				GCC_WARN_UNUSED_FUNCTION = YES;
				GCC_WARN_UNUSED_VARIABLE = YES;
				IPHONEOS_DEPLOYMENT_TARGET = 17.2;
				LOCALIZATION_PREFERS_STRING_CATALOGS = YES;
				MTL_ENABLE_DEBUG_INFO = NO;
				MTL_FAST_MATH = YES;
				SDKROOT = iphoneos;
				SWIFT_COMPILATION_MODE = wholemodule;
				VALIDATE_PRODUCT = YES;
			};
			name = Release;
		};
		673BDD042C0872F00097B038 /* Debug */ = {
			isa = XCBuildConfiguration;
			buildSettings = {
				ASSETCATALOG_COMPILER_APPICON_NAME = AppIcon;
				ASSETCATALOG_COMPILER_GLOBAL_ACCENT_COLOR_NAME = AccentColor;
				CODE_SIGN_STYLE = Automatic;
				CURRENT_PROJECT_VERSION = 1;
				DEVELOPMENT_ASSET_PATHS = "\"nobullshit/Preview Content\"";
				DEVELOPMENT_TEAM = 3Y69BC5249;
				ENABLE_PREVIEWS = YES;
				GENERATE_INFOPLIST_FILE = YES;
				INFOPLIST_KEY_UIApplicationSceneManifest_Generation = YES;
				INFOPLIST_KEY_UIApplicationSupportsIndirectInputEvents = YES;
				INFOPLIST_KEY_UILaunchScreen_Generation = YES;
				INFOPLIST_KEY_UISupportedInterfaceOrientations_iPad = "UIInterfaceOrientationPortrait UIInterfaceOrientationPortraitUpsideDown UIInterfaceOrientationLandscapeLeft UIInterfaceOrientationLandscapeRight";
				INFOPLIST_KEY_UISupportedInterfaceOrientations_iPhone = "UIInterfaceOrientationPortrait UIInterfaceOrientationLandscapeLeft UIInterfaceOrientationLandscapeRight";
				LD_RUNPATH_SEARCH_PATHS = (
					"$(inherited)",
					"@executable_path/Frameworks",
				);
				MARKETING_VERSION = 1.0;
				PRODUCT_BUNDLE_IDENTIFIER = com.br2digital.nobullshit;
				PRODUCT_NAME = "$(TARGET_NAME)";
				SWIFT_EMIT_LOC_STRINGS = YES;
				SWIFT_VERSION = 5.0;
				TARGETED_DEVICE_FAMILY = "1,2";
			};
			name = Debug;
		};
		673BDD052C0872F00097B038 /* Release */ = {
			isa = XCBuildConfiguration;
			buildSettings = {
				ASSETCATALOG_COMPILER_APPICON_NAME = AppIcon;
				ASSETCATALOG_COMPILER_GLOBAL_ACCENT_COLOR_NAME = AccentColor;
				CODE_SIGN_STYLE = Automatic;
				CURRENT_PROJECT_VERSION = 1;
				DEVELOPMENT_ASSET_PATHS = "\"nobullshit/Preview Content\"";
				DEVELOPMENT_TEAM = 3Y69BC5249;
				ENABLE_PREVIEWS = YES;
				GENERATE_INFOPLIST_FILE = YES;
				INFOPLIST_KEY_UIApplicationSceneManifest_Generation = YES;
				INFOPLIST_KEY_UIApplicationSupportsIndirectInputEvents = YES;
				INFOPLIST_KEY_UILaunchScreen_Generation = YES;
				INFOPLIST_KEY_UISupportedInterfaceOrientations_iPad = "UIInterfaceOrientationPortrait UIInterfaceOrientationPortraitUpsideDown UIInterfaceOrientationLandscapeLeft UIInterfaceOrientationLandscapeRight";
				INFOPLIST_KEY_UISupportedInterfaceOrientations_iPhone = "UIInterfaceOrientationPortrait UIInterfaceOrientationLandscapeLeft UIInterfaceOrientationLandscapeRight";
				LD_RUNPATH_SEARCH_PATHS = (
					"$(inherited)",
					"@executable_path/Frameworks",
				);
				MARKETING_VERSION = 1.0;
				PRODUCT_BUNDLE_IDENTIFIER = com.br2digital.nobullshit;
				PRODUCT_NAME = "$(TARGET_NAME)";
				SWIFT_EMIT_LOC_STRINGS = YES;
				SWIFT_VERSION = 5.0;
				TARGETED_DEVICE_FAMILY = "1,2";
			};
			name = Release;
		};
/* End XCBuildConfiguration section */

/* Begin XCConfigurationList section */
		673BDCF02C0872EC0097B038 /* Build configuration list for PBXProject "nobullshit" */ = {
			isa = XCConfigurationList;
			buildConfigurations = (
				673BDD012C0872F00097B038 /* Debug */,
				673BDD022C0872F00097B038 /* Release */,
			);
			defaultConfigurationIsVisible = 0;
			defaultConfigurationName = Release;
		};
		673BDD032C0872F00097B038 /* Build configuration list for PBXNativeTarget "nobullshit" */ = {
			isa = XCConfigurationList;
			buildConfigurations = (
				673BDD042C0872F00097B038 /* Debug */,
				673BDD052C0872F00097B038 /* Release */,
			);
			defaultConfigurationIsVisible = 0;
			defaultConfigurationName = Release;
		};
/* End XCConfigurationList section */

/* Begin XCRemoteSwiftPackageReference section */
		6739573F2C1DB0D70013F97D /* XCRemoteSwiftPackageReference "SwiftUISnackbar" */ = {
			isa = XCRemoteSwiftPackageReference;
			repositoryURL = "https://github.com/zaniluca/SwiftUISnackbar";
			requirement = {
				branch = main;
				kind = branch;
			};
		};
		673BDD3D2C0874CF0097B038 /* XCRemoteSwiftPackageReference "firebase-ios-sdk" */ = {
			isa = XCRemoteSwiftPackageReference;
			repositoryURL = "https://github.com/firebase/firebase-ios-sdk.git";
			requirement = {
				kind = upToNextMajorVersion;
				minimumVersion = 10.27.0;
			};
		};
		673BDD482C0875100097B038 /* XCRemoteSwiftPackageReference "UIOnboarding" */ = {
			isa = XCRemoteSwiftPackageReference;
			repositoryURL = "https://github.com/lascic/UIOnboarding.git";
			requirement = {
				kind = upToNextMajorVersion;
				minimumVersion = 2.0.3;
			};
		};
/* End XCRemoteSwiftPackageReference section */

/* Begin XCSwiftPackageProductDependency section */
		673957402C1DB0D70013F97D /* SwiftUISnackbar */ = {
			isa = XCSwiftPackageProductDependency;
			package = 6739573F2C1DB0D70013F97D /* XCRemoteSwiftPackageReference "SwiftUISnackbar" */;
			productName = SwiftUISnackbar;
		};
		673BDD3E2C0874CF0097B038 /* FirebaseAnalytics */ = {
			isa = XCSwiftPackageProductDependency;
			package = 673BDD3D2C0874CF0097B038 /* XCRemoteSwiftPackageReference "firebase-ios-sdk" */;
			productName = FirebaseAnalytics;
		};
		673BDD402C0874CF0097B038 /* FirebaseAnalyticsOnDeviceConversion */ = {
			isa = XCSwiftPackageProductDependency;
			package = 673BDD3D2C0874CF0097B038 /* XCRemoteSwiftPackageReference "firebase-ios-sdk" */;
			productName = FirebaseAnalyticsOnDeviceConversion;
		};
		673BDD422C0874CF0097B038 /* FirebaseAnalyticsSwift */ = {
			isa = XCSwiftPackageProductDependency;
			package = 673BDD3D2C0874CF0097B038 /* XCRemoteSwiftPackageReference "firebase-ios-sdk" */;
			productName = FirebaseAnalyticsSwift;
		};
		673BDD442C0874CF0097B038 /* FirebaseAnalyticsWithoutAdIdSupport */ = {
			isa = XCSwiftPackageProductDependency;
			package = 673BDD3D2C0874CF0097B038 /* XCRemoteSwiftPackageReference "firebase-ios-sdk" */;
			productName = FirebaseAnalyticsWithoutAdIdSupport;
		};
		673BDD462C0874CF0097B038 /* FirebaseAppCheck */ = {
			isa = XCSwiftPackageProductDependency;
			package = 673BDD3D2C0874CF0097B038 /* XCRemoteSwiftPackageReference "firebase-ios-sdk" */;
			productName = FirebaseAppCheck;
		};
		673BDD492C0875100097B038 /* UIOnboarding */ = {
			isa = XCSwiftPackageProductDependency;
			package = 673BDD482C0875100097B038 /* XCRemoteSwiftPackageReference "UIOnboarding" */;
			productName = UIOnboarding;
		};
		673BDD4B2C0875790097B038 /* FirebaseAnalytics */ = {
			isa = XCSwiftPackageProductDependency;
			package = 673BDD3D2C0874CF0097B038 /* XCRemoteSwiftPackageReference "firebase-ios-sdk" */;
			productName = FirebaseAnalytics;
		};
		673BDD4D2C0875790097B038 /* FirebaseAnalyticsOnDeviceConversion */ = {
			isa = XCSwiftPackageProductDependency;
			package = 673BDD3D2C0874CF0097B038 /* XCRemoteSwiftPackageReference "firebase-ios-sdk" */;
			productName = FirebaseAnalyticsOnDeviceConversion;
		};
		673BDD4F2C0875790097B038 /* FirebaseAnalyticsSwift */ = {
			isa = XCSwiftPackageProductDependency;
			package = 673BDD3D2C0874CF0097B038 /* XCRemoteSwiftPackageReference "firebase-ios-sdk" */;
			productName = FirebaseAnalyticsSwift;
		};
		673BDD512C0875790097B038 /* FirebaseAnalyticsWithoutAdIdSupport */ = {
			isa = XCSwiftPackageProductDependency;
			package = 673BDD3D2C0874CF0097B038 /* XCRemoteSwiftPackageReference "firebase-ios-sdk" */;
			productName = FirebaseAnalyticsWithoutAdIdSupport;
		};
		673BDD532C0875790097B038 /* FirebaseAppCheck */ = {
			isa = XCSwiftPackageProductDependency;
			package = 673BDD3D2C0874CF0097B038 /* XCRemoteSwiftPackageReference "firebase-ios-sdk" */;
			productName = FirebaseAppCheck;
		};
		673BDD552C0875790097B038 /* FirebaseAppDistribution-Beta */ = {
			isa = XCSwiftPackageProductDependency;
			package = 673BDD3D2C0874CF0097B038 /* XCRemoteSwiftPackageReference "firebase-ios-sdk" */;
			productName = "FirebaseAppDistribution-Beta";
		};
		673BDD572C0875790097B038 /* FirebaseAuth */ = {
			isa = XCSwiftPackageProductDependency;
			package = 673BDD3D2C0874CF0097B038 /* XCRemoteSwiftPackageReference "firebase-ios-sdk" */;
			productName = FirebaseAuth;
		};
		673BDD592C0875790097B038 /* FirebaseAuthCombine-Community */ = {
			isa = XCSwiftPackageProductDependency;
			package = 673BDD3D2C0874CF0097B038 /* XCRemoteSwiftPackageReference "firebase-ios-sdk" */;
			productName = "FirebaseAuthCombine-Community";
		};
		673BDD5B2C0875790097B038 /* FirebaseCrashlytics */ = {
			isa = XCSwiftPackageProductDependency;
			package = 673BDD3D2C0874CF0097B038 /* XCRemoteSwiftPackageReference "firebase-ios-sdk" */;
			productName = FirebaseCrashlytics;
		};
		673BDD5D2C0875790097B038 /* FirebaseDatabase */ = {
			isa = XCSwiftPackageProductDependency;
			package = 673BDD3D2C0874CF0097B038 /* XCRemoteSwiftPackageReference "firebase-ios-sdk" */;
			productName = FirebaseDatabase;
		};
		673BDD5F2C0875790097B038 /* FirebaseDatabaseSwift */ = {
			isa = XCSwiftPackageProductDependency;
			package = 673BDD3D2C0874CF0097B038 /* XCRemoteSwiftPackageReference "firebase-ios-sdk" */;
			productName = FirebaseDatabaseSwift;
		};
		673BDD612C0875790097B038 /* FirebaseDynamicLinks */ = {
			isa = XCSwiftPackageProductDependency;
			package = 673BDD3D2C0874CF0097B038 /* XCRemoteSwiftPackageReference "firebase-ios-sdk" */;
			productName = FirebaseDynamicLinks;
		};
		673BDD652C0876570097B038 /* FirebaseAnalytics */ = {
			isa = XCSwiftPackageProductDependency;
			package = 673BDD3D2C0874CF0097B038 /* XCRemoteSwiftPackageReference "firebase-ios-sdk" */;
			productName = FirebaseAnalytics;
		};
		673BDD672C0876570097B038 /* FirebaseAnalyticsOnDeviceConversion */ = {
			isa = XCSwiftPackageProductDependency;
			package = 673BDD3D2C0874CF0097B038 /* XCRemoteSwiftPackageReference "firebase-ios-sdk" */;
			productName = FirebaseAnalyticsOnDeviceConversion;
		};
		673BDD692C0876570097B038 /* FirebaseAnalyticsSwift */ = {
			isa = XCSwiftPackageProductDependency;
			package = 673BDD3D2C0874CF0097B038 /* XCRemoteSwiftPackageReference "firebase-ios-sdk" */;
			productName = FirebaseAnalyticsSwift;
		};
		673BDD6B2C0876570097B038 /* FirebaseAnalyticsWithoutAdIdSupport */ = {
			isa = XCSwiftPackageProductDependency;
			package = 673BDD3D2C0874CF0097B038 /* XCRemoteSwiftPackageReference "firebase-ios-sdk" */;
			productName = FirebaseAnalyticsWithoutAdIdSupport;
		};
		673BDD6D2C0876570097B038 /* FirebaseAppCheck */ = {
			isa = XCSwiftPackageProductDependency;
			package = 673BDD3D2C0874CF0097B038 /* XCRemoteSwiftPackageReference "firebase-ios-sdk" */;
			productName = FirebaseAppCheck;
		};
		673BDD6F2C0876570097B038 /* FirebaseAppDistribution-Beta */ = {
			isa = XCSwiftPackageProductDependency;
			package = 673BDD3D2C0874CF0097B038 /* XCRemoteSwiftPackageReference "firebase-ios-sdk" */;
			productName = "FirebaseAppDistribution-Beta";
		};
		673BDD712C0876570097B038 /* FirebaseAuth */ = {
			isa = XCSwiftPackageProductDependency;
			package = 673BDD3D2C0874CF0097B038 /* XCRemoteSwiftPackageReference "firebase-ios-sdk" */;
			productName = FirebaseAuth;
		};
		673BDD732C0876580097B038 /* FirebaseAuthCombine-Community */ = {
			isa = XCSwiftPackageProductDependency;
			package = 673BDD3D2C0874CF0097B038 /* XCRemoteSwiftPackageReference "firebase-ios-sdk" */;
			productName = "FirebaseAuthCombine-Community";
		};
		673BDD752C0876580097B038 /* FirebaseCrashlytics */ = {
			isa = XCSwiftPackageProductDependency;
			package = 673BDD3D2C0874CF0097B038 /* XCRemoteSwiftPackageReference "firebase-ios-sdk" */;
			productName = FirebaseCrashlytics;
		};
		673BDD772C0876580097B038 /* FirebaseDatabase */ = {
			isa = XCSwiftPackageProductDependency;
			package = 673BDD3D2C0874CF0097B038 /* XCRemoteSwiftPackageReference "firebase-ios-sdk" */;
			productName = FirebaseDatabase;
		};
		673BDD792C0876580097B038 /* FirebaseDatabaseSwift */ = {
			isa = XCSwiftPackageProductDependency;
			package = 673BDD3D2C0874CF0097B038 /* XCRemoteSwiftPackageReference "firebase-ios-sdk" */;
			productName = FirebaseDatabaseSwift;
		};
		673BDD7B2C0876580097B038 /* FirebaseDynamicLinks */ = {
			isa = XCSwiftPackageProductDependency;
			package = 673BDD3D2C0874CF0097B038 /* XCRemoteSwiftPackageReference "firebase-ios-sdk" */;
			productName = FirebaseDynamicLinks;
		};
		673BDD7D2C0876580097B038 /* FirebaseFirestore */ = {
			isa = XCSwiftPackageProductDependency;
			package = 673BDD3D2C0874CF0097B038 /* XCRemoteSwiftPackageReference "firebase-ios-sdk" */;
			productName = FirebaseFirestore;
		};
		673BDD7F2C0876580097B038 /* FirebaseFirestoreCombine-Community */ = {
			isa = XCSwiftPackageProductDependency;
			package = 673BDD3D2C0874CF0097B038 /* XCRemoteSwiftPackageReference "firebase-ios-sdk" */;
			productName = "FirebaseFirestoreCombine-Community";
		};
		673BDD812C0876580097B038 /* FirebaseFirestoreSwift */ = {
			isa = XCSwiftPackageProductDependency;
			package = 673BDD3D2C0874CF0097B038 /* XCRemoteSwiftPackageReference "firebase-ios-sdk" */;
			productName = FirebaseFirestoreSwift;
		};
		673BDD832C0876580097B038 /* FirebaseFunctions */ = {
			isa = XCSwiftPackageProductDependency;
			package = 673BDD3D2C0874CF0097B038 /* XCRemoteSwiftPackageReference "firebase-ios-sdk" */;
			productName = FirebaseFunctions;
		};
		673BDD852C0876580097B038 /* FirebaseFunctionsCombine-Community */ = {
			isa = XCSwiftPackageProductDependency;
			package = 673BDD3D2C0874CF0097B038 /* XCRemoteSwiftPackageReference "firebase-ios-sdk" */;
			productName = "FirebaseFunctionsCombine-Community";
		};
		673BDD872C0876580097B038 /* FirebaseInAppMessaging-Beta */ = {
			isa = XCSwiftPackageProductDependency;
			package = 673BDD3D2C0874CF0097B038 /* XCRemoteSwiftPackageReference "firebase-ios-sdk" */;
			productName = "FirebaseInAppMessaging-Beta";
		};
/* End XCSwiftPackageProductDependency section */
	};
	rootObject = 673BDCED2C0872EC0097B038 /* Project object */;
}
